
Microsoft Visual Studio Solution File, Format Version 12.00
# Visual Studio Version 16
VisualStudioVersion = 16.0.29411.108
MinimumVisualStudioVersion = 10.0.40219.1
Project("{9A19103F-16F7-4668-BE54-9A1E7A4F7556}") = "WasmTest", "WasmTest.csproj", "{F55B218D-ECBC-4C88-8386-9AAC92822AAE}"
EndProject
Global
	GlobalSection(SolutionConfigurationPlatforms) = preSolution
		Debug|Any CPU = Debug|Any CPU
		Release|Any CPU = Release|Any CPU
	EndGlobalSection
	GlobalSection(ProjectConfigurationPlatforms) = postSolution
		{F55B218D-ECBC-4C88-8386-9AAC92822AAE}.Debug|Any CPU.ActiveCfg = Debug|Any CPU
		{F55B218D-ECBC-4C88-8386-9AAC92822AAE}.Debug|Any CPU.Build.0 = Debug|Any CPU
		{F55B218D-ECBC-4C88-8386-9AAC92822AAE}.Release|Any CPU.ActiveCfg = Release|Any CPU
		{F55B218D-ECBC-4C88-8386-9AAC92822AAE}.Release|Any CPU.Build.0 = Release|Any CPU
	EndGlobalSection
	GlobalSection(SolutionProperties) = preSolution
		HideSolutionNode = FALSE
	EndGlobalSection
	GlobalSection(ExtensibilityGlobals) = postSolution
		SolutionGuid = {F3458120-617B-4EFC-8A4E-9F07390642C8}
	EndGlobalSection
EndGlobal
